
Microsoft Visual Studio Solution File, Format Version 12.00
# Visual Studio 15
VisualStudioVersion = 15.0.27703.2042
MinimumVisualStudioVersion = 10.0.40219.1
Project("{FAE04EC0-301F-11D3-BF4B-00C04F79EFBC}") = "Comment_Review_Downloader", "Comment_Review_Downloader\Comment_Review_Downloader.csproj", "{BFBB1A4B-9265-40AE-AD70-B75F66F22353}"
EndProject
Global
	GlobalSection(SolutionConfigurationPlatforms) = preSolution
		Debug|Any CPU = Debug|Any CPU
		Release|Any CPU = Release|Any CPU
	EndGlobalSection
	GlobalSection(ProjectConfigurationPlatforms) = postSolution
		{BFBB1A4B-9265-40AE-AD70-B75F66F22353}.Debug|Any CPU.ActiveCfg = Debug|Any CPU
		{BFBB1A4B-9265-40AE-AD70-B75F66F22353}.Debug|Any CPU.Build.0 = Debug|Any CPU
		{BFBB1A4B-9265-40AE-AD70-B75F66F22353}.Release|Any CPU.ActiveCfg = Release|Any CPU
		{BFBB1A4B-9265-40AE-AD70-B75F66F22353}.Release|Any CPU.Build.0 = Release|Any CPU
	EndGlobalSection
	GlobalSection(SolutionProperties) = preSolution
		HideSolutionNode = FALSE
	EndGlobalSection
	GlobalSection(ExtensibilityGlobals) = postSolution
		SolutionGuid = {F1391BFE-55E0-42E5-A503-12BB08C79507}
	EndGlobalSection
EndGlobal
